// !$*UTF8*$!
{
	archiveVersion = 1;
	classes = {
	};
	objectVersion = 50;
	objects = {

/* Begin PBXBuildFile section */
		BB04251821959BBD0053C6FC /* AppDelegate.swift in Sources */ = {isa = PBXBuildFile; fileRef = BB04251721959BBD0053C6FC /* AppDelegate.swift */; };
		BB04251F21959BBF0053C6FC /* Assets.xcassets in Resources */ = {isa = PBXBuildFile; fileRef = BB04251E21959BBF0053C6FC /* Assets.xcassets */; };
		BB04252221959BBF0053C6FC /* LaunchScreen.storyboard in Resources */ = {isa = PBXBuildFile; fileRef = BB04252021959BBF0053C6FC /* LaunchScreen.storyboard */; };
		BB0425302195C45A0053C6FC /* TTLoadingViewController.swift in Sources */ = {isa = PBXBuildFile; fileRef = BB04252E2195C45A0053C6FC /* TTLoadingViewController.swift */; };
		BB0425312195C45A0053C6FC /* TTLoadingViewController.xib in Resources */ = {isa = PBXBuildFile; fileRef = BB04252F2195C45A0053C6FC /* TTLoadingViewController.xib */; };
		BB0425352195C5B90053C6FC /* TTInitialViewController.swift in Sources */ = {isa = PBXBuildFile; fileRef = BB0425332195C5B90053C6FC /* TTInitialViewController.swift */; };
		BB0425362195C5B90053C6FC /* TTInitialViewController.xib in Resources */ = {isa = PBXBuildFile; fileRef = BB0425342195C5B90053C6FC /* TTInitialViewController.xib */; };
		BBC1C65D21989BA800C9F031 /* TTWeather.swift in Sources */ = {isa = PBXBuildFile; fileRef = BBC1C65C21989BA800C9F031 /* TTWeather.swift */; };
		BBC1C65F21989BFA00C9F031 /* TTLocationService.swift in Sources */ = {isa = PBXBuildFile; fileRef = BBC1C65E21989BFA00C9F031 /* TTLocationService.swift */; };
		BBC1C66121989C8B00C9F031 /* TTRequestBuilder.swift in Sources */ = {isa = PBXBuildFile; fileRef = BBC1C66021989C8B00C9F031 /* TTRequestBuilder.swift */; };
		BBC1C66321989D0500C9F031 /* TTNetworkService.swift in Sources */ = {isa = PBXBuildFile; fileRef = BBC1C66221989D0500C9F031 /* TTNetworkService.swift */; };
		BBC1C66521989E7600C9F031 /* Helpers.swift in Sources */ = {isa = PBXBuildFile; fileRef = BBC1C66421989E7600C9F031 /* Helpers.swift */; };
		BBC1C6682198A11B00C9F031 /* Extentions.swift in Sources */ = {isa = PBXBuildFile; fileRef = BBC1C6672198A11B00C9F031 /* Extentions.swift */; };
		BBC1C66A2198AE1A00C9F031 /* Main.storyboard in Resources */ = {isa = PBXBuildFile; fileRef = BBC1C6692198AE1A00C9F031 /* Main.storyboard */; };
		BBFD744D219602410070C7B9 /* TTIntermediateViewController.swift in Sources */ = {isa = PBXBuildFile; fileRef = BBFD744B219602410070C7B9 /* TTIntermediateViewController.swift */; };
		BBFD744E219602410070C7B9 /* TTIntermediateViewController.xib in Resources */ = {isa = PBXBuildFile; fileRef = BBFD744C219602410070C7B9 /* TTIntermediateViewController.xib */; };
		BBFD7452219603600070C7B9 /* TTWeatherViewController.swift in Sources */ = {isa = PBXBuildFile; fileRef = BBFD7450219603600070C7B9 /* TTWeatherViewController.swift */; };
		BBFD7453219603600070C7B9 /* TTWeatherViewController.xib in Resources */ = {isa = PBXBuildFile; fileRef = BBFD7451219603600070C7B9 /* TTWeatherViewController.xib */; };
		BBFD745621961F6E0070C7B9 /* CoreLocation.framework in Frameworks */ = {isa = PBXBuildFile; fileRef = BBFD745521961F6E0070C7B9 /* CoreLocation.framework */; };
		BBFD745A2196C16A0070C7B9 /* TTDataManager.swift in Sources */ = {isa = PBXBuildFile; fileRef = BBFD74592196C16A0070C7B9 /* TTDataManager.swift */; };
/* End PBXBuildFile section */

/* Begin PBXFileReference section */
		BB04251421959BBD0053C6FC /* WeatherTestTask.app */ = {isa = PBXFileReference; explicitFileType = wrapper.application; includeInIndex = 0; path = WeatherTestTask.app; sourceTree = BUILT_PRODUCTS_DIR; };
		BB04251721959BBD0053C6FC /* AppDelegate.swift */ = {isa = PBXFileReference; lastKnownFileType = sourcecode.swift; path = AppDelegate.swift; sourceTree = "<group>"; };
		BB04251E21959BBF0053C6FC /* Assets.xcassets */ = {isa = PBXFileReference; lastKnownFileType = folder.assetcatalog; path = Assets.xcassets; sourceTree = "<group>"; };
		BB04252121959BBF0053C6FC /* Base */ = {isa = PBXFileReference; lastKnownFileType = file.storyboard; name = Base; path = Base.lproj/LaunchScreen.storyboard; sourceTree = "<group>"; };
		BB04252321959BBF0053C6FC /* Info.plist */ = {isa = PBXFileReference; lastKnownFileType = text.plist.xml; path = Info.plist; sourceTree = "<group>"; };
		BB04252E2195C45A0053C6FC /* TTLoadingViewController.swift */ = {isa = PBXFileReference; lastKnownFileType = sourcecode.swift; path = TTLoadingViewController.swift; sourceTree = "<group>"; };
		BB04252F2195C45A0053C6FC /* TTLoadingViewController.xib */ = {isa = PBXFileReference; lastKnownFileType = file.xib; path = TTLoadingViewController.xib; sourceTree = "<group>"; };
		BB0425332195C5B90053C6FC /* TTInitialViewController.swift */ = {isa = PBXFileReference; lastKnownFileType = sourcecode.swift; path = TTInitialViewController.swift; sourceTree = "<group>"; };
		BB0425342195C5B90053C6FC /* TTInitialViewController.xib */ = {isa = PBXFileReference; lastKnownFileType = file.xib; path = TTInitialViewController.xib; sourceTree = "<group>"; };
		BBC1C65C21989BA800C9F031 /* TTWeather.swift */ = {isa = PBXFileReference; lastKnownFileType = sourcecode.swift; path = TTWeather.swift; sourceTree = "<group>"; };
		BBC1C65E21989BFA00C9F031 /* TTLocationService.swift */ = {isa = PBXFileReference; lastKnownFileType = sourcecode.swift; path = TTLocationService.swift; sourceTree = "<group>"; };
		BBC1C66021989C8B00C9F031 /* TTRequestBuilder.swift */ = {isa = PBXFileReference; lastKnownFileType = sourcecode.swift; path = TTRequestBuilder.swift; sourceTree = "<group>"; };
		BBC1C66221989D0500C9F031 /* TTNetworkService.swift */ = {isa = PBXFileReference; lastKnownFileType = sourcecode.swift; path = TTNetworkService.swift; sourceTree = "<group>"; };
		BBC1C66421989E7600C9F031 /* Helpers.swift */ = {isa = PBXFileReference; lastKnownFileType = sourcecode.swift; path = Helpers.swift; sourceTree = "<group>"; };
		BBC1C6672198A11B00C9F031 /* Extentions.swift */ = {isa = PBXFileReference; lastKnownFileType = sourcecode.swift; path = Extentions.swift; sourceTree = "<group>"; };
		BBC1C6692198AE1A00C9F031 /* Main.storyboard */ = {isa = PBXFileReference; lastKnownFileType = file.storyboard; path = Main.storyboard; sourceTree = "<group>"; };
		BBFD744B219602410070C7B9 /* TTIntermediateViewController.swift */ = {isa = PBXFileReference; lastKnownFileType = sourcecode.swift; path = TTIntermediateViewController.swift; sourceTree = "<group>"; };
		BBFD744C219602410070C7B9 /* TTIntermediateViewController.xib */ = {isa = PBXFileReference; lastKnownFileType = file.xib; path = TTIntermediateViewController.xib; sourceTree = "<group>"; };
		BBFD7450219603600070C7B9 /* TTWeatherViewController.swift */ = {isa = PBXFileReference; lastKnownFileType = sourcecode.swift; path = TTWeatherViewController.swift; sourceTree = "<group>"; };
		BBFD7451219603600070C7B9 /* TTWeatherViewController.xib */ = {isa = PBXFileReference; lastKnownFileType = file.xib; path = TTWeatherViewController.xib; sourceTree = "<group>"; };
		BBFD745521961F6E0070C7B9 /* CoreLocation.framework */ = {isa = PBXFileReference; lastKnownFileType = wrapper.framework; name = CoreLocation.framework; path = System/Library/Frameworks/CoreLocation.framework; sourceTree = SDKROOT; };
		BBFD74592196C16A0070C7B9 /* TTDataManager.swift */ = {isa = PBXFileReference; lastKnownFileType = sourcecode.swift; path = TTDataManager.swift; sourceTree = "<group>"; };
/* End PBXFileReference section */

/* Begin PBXFrameworksBuildPhase section */
		BB04251121959BBD0053C6FC /* Frameworks */ = {
			isa = PBXFrameworksBuildPhase;
			buildActionMask = 2147483647;
			files = (
				BBFD745621961F6E0070C7B9 /* CoreLocation.framework in Frameworks */,
			);
			runOnlyForDeploymentPostprocessing = 0;
		};
/* End PBXFrameworksBuildPhase section */

/* Begin PBXGroup section */
		BB04250B21959BBD0053C6FC = {
			isa = PBXGroup;
			children = (
				BB04251621959BBD0053C6FC /* WeatherTestTask */,
				BB04251521959BBD0053C6FC /* Products */,
				BBFD745421961F6E0070C7B9 /* Frameworks */,
			);
			sourceTree = "<group>";
		};
		BB04251521959BBD0053C6FC /* Products */ = {
			isa = PBXGroup;
			children = (
				BB04251421959BBD0053C6FC /* WeatherTestTask.app */,
			);
			name = Products;
			sourceTree = "<group>";
		};
		BB04251621959BBD0053C6FC /* WeatherTestTask */ = {
			isa = PBXGroup;
			children = (
				BB04251721959BBD0053C6FC /* AppDelegate.swift */,
				BB0425292195C3FC0053C6FC /* LoadingViewController */,
				BB0425322195C5880053C6FC /* InitialViewController */,
				BBFD744F2196033D0070C7B9 /* TTWeatherViewController */,
				BBFD7448219600B00070C7B9 /* TTIntermediateViewController */,
				BBC1C66621989FE800C9F031 /* Helpers&Extentions */,
				BBC1C65E21989BFA00C9F031 /* TTLocationService.swift */,
				BBC1C6692198AE1A00C9F031 /* Main.storyboard */,
				BBFD74592196C16A0070C7B9 /* TTDataManager.swift */,
				BBC1C66021989C8B00C9F031 /* TTRequestBuilder.swift */,
				BBC1C66221989D0500C9F031 /* TTNetworkService.swift */,
				BBC1C65C21989BA800C9F031 /* TTWeather.swift */,
				BB04251E21959BBF0053C6FC /* Assets.xcassets */,
				BB04252021959BBF0053C6FC /* LaunchScreen.storyboard */,
				BB04252321959BBF0053C6FC /* Info.plist */,
			);
			path = WeatherTestTask;
			sourceTree = "<group>";
		};
		BB0425292195C3FC0053C6FC /* LoadingViewController */ = {
			isa = PBXGroup;
			children = (
				BB04252E2195C45A0053C6FC /* TTLoadingViewController.swift */,
				BB04252F2195C45A0053C6FC /* TTLoadingViewController.xib */,
			);
			path = LoadingViewController;
			sourceTree = "<group>";
		};
		BB0425322195C5880053C6FC /* InitialViewController */ = {
			isa = PBXGroup;
			children = (
				BB0425332195C5B90053C6FC /* TTInitialViewController.swift */,
				BB0425342195C5B90053C6FC /* TTInitialViewController.xib */,
			);
			path = InitialViewController;
			sourceTree = "<group>";
		};
		BBC1C66621989FE800C9F031 /* Helpers&Extentions */ = {
			isa = PBXGroup;
			children = (
				BBC1C66421989E7600C9F031 /* Helpers.swift */,
				BBC1C6672198A11B00C9F031 /* Extentions.swift */,
			);
			path = "Helpers&Extentions";
			sourceTree = "<group>";
		};
		BBFD7448219600B00070C7B9 /* TTIntermediateViewController */ = {
			isa = PBXGroup;
			children = (
				BBFD744B219602410070C7B9 /* TTIntermediateViewController.swift */,
				BBFD744C219602410070C7B9 /* TTIntermediateViewController.xib */,
			);
			path = TTIntermediateViewController;
			sourceTree = "<group>";
		};
		BBFD744F2196033D0070C7B9 /* TTWeatherViewController */ = {
			isa = PBXGroup;
			children = (
				BBFD7450219603600070C7B9 /* TTWeatherViewController.swift */,
				BBFD7451219603600070C7B9 /* TTWeatherViewController.xib */,
			);
			path = TTWeatherViewController;
			sourceTree = "<group>";
		};
		BBFD745421961F6E0070C7B9 /* Frameworks */ = {
			isa = PBXGroup;
			children = (
				BBFD745521961F6E0070C7B9 /* CoreLocation.framework */,
			);
			name = Frameworks;
			sourceTree = "<group>";
		};
/* End PBXGroup section */

/* Begin PBXNativeTarget section */
		BB04251321959BBD0053C6FC /* WeatherTestTask */ = {
			isa = PBXNativeTarget;
			buildConfigurationList = BB04252621959BBF0053C6FC /* Build configuration list for PBXNativeTarget "WeatherTestTask" */;
			buildPhases = (
				BB04251021959BBD0053C6FC /* Sources */,
				BB04251121959BBD0053C6FC /* Frameworks */,
				BB04251221959BBD0053C6FC /* Resources */,
			);
			buildRules = (
			);
			dependencies = (
			);
			name = WeatherTestTask;
			productName = WeatherTestTask;
			productReference = BB04251421959BBD0053C6FC /* WeatherTestTask.app */;
			productType = "com.apple.product-type.application";
		};
/* End PBXNativeTarget section */

/* Begin PBXProject section */
		BB04250C21959BBD0053C6FC /* Project object */ = {
			isa = PBXProject;
			attributes = {
				LastSwiftUpdateCheck = 0930;
				LastUpgradeCheck = 0930;
				ORGANIZATIONNAME = "Dzianis Alioshyn";
				TargetAttributes = {
					BB04251321959BBD0053C6FC = {
						CreatedOnToolsVersion = 9.3.1;
					};
				};
			};
			buildConfigurationList = BB04250F21959BBD0053C6FC /* Build configuration list for PBXProject "WeatherTestTask" */;
			compatibilityVersion = "Xcode 9.3";
			developmentRegion = en;
			hasScannedForEncodings = 0;
			knownRegions = (
				en,
				Base,
			);
			mainGroup = BB04250B21959BBD0053C6FC;
			productRefGroup = BB04251521959BBD0053C6FC /* Products */;
			projectDirPath = "";
			projectRoot = "";
			targets = (
				BB04251321959BBD0053C6FC /* WeatherTestTask */,
			);
		};
/* End PBXProject section */

/* Begin PBXResourcesBuildPhase section */
		BB04251221959BBD0053C6FC /* Resources */ = {
			isa = PBXResourcesBuildPhase;
			buildActionMask = 2147483647;
			files = (
				BB04252221959BBF0053C6FC /* LaunchScreen.storyboard in Resources */,
				BB0425312195C45A0053C6FC /* TTLoadingViewController.xib in Resources */,
				BBFD744E219602410070C7B9 /* TTIntermediateViewController.xib in Resources */,
				BB0425362195C5B90053C6FC /* TTInitialViewController.xib in Resources */,
				BB04251F21959BBF0053C6FC /* Assets.xcassets in Resources */,
				BBFD7453219603600070C7B9 /* TTWeatherViewController.xib in Resources */,
				BBC1C66A2198AE1A00C9F031 /* Main.storyboard in Resources */,
			);
			runOnlyForDeploymentPostprocessing = 0;
		};
/* End PBXResourcesBuildPhase section */

/* Begin PBXSourcesBuildPhase section */
		BB04251021959BBD0053C6FC /* Sources */ = {
			isa = PBXSourcesBuildPhase;
			buildActionMask = 2147483647;
			files = (
				BBFD745A2196C16A0070C7B9 /* TTDataManager.swift in Sources */,
				BBC1C66121989C8B00C9F031 /* TTRequestBuilder.swift in Sources */,
				BB0425352195C5B90053C6FC /* TTInitialViewController.swift in Sources */,
				BBC1C65F21989BFA00C9F031 /* TTLocationService.swift in Sources */,
				BBC1C65D21989BA800C9F031 /* TTWeather.swift in Sources */,
				BB0425302195C45A0053C6FC /* TTLoadingViewController.swift in Sources */,
				BBC1C66521989E7600C9F031 /* Helpers.swift in Sources */,
				BBC1C66321989D0500C9F031 /* TTNetworkService.swift in Sources */,
				BBC1C6682198A11B00C9F031 /* Extentions.swift in Sources */,
				BBFD7452219603600070C7B9 /* TTWeatherViewController.swift in Sources */,
				BBFD744D219602410070C7B9 /* TTIntermediateViewController.swift in Sources */,
				BB04251821959BBD0053C6FC /* AppDelegate.swift in Sources */,
			);
			runOnlyForDeploymentPostprocessing = 0;
		};
/* End PBXSourcesBuildPhase section */

/* Begin PBXVariantGroup section */
		BB04252021959BBF0053C6FC /* LaunchScreen.storyboard */ = {
			isa = PBXVariantGroup;
			children = (
				BB04252121959BBF0053C6FC /* Base */,
			);
			name = LaunchScreen.storyboard;
			sourceTree = "<group>";
		};
/* End PBXVariantGroup section */

/* Begin XCBuildConfiguration section */
		BB04252421959BBF0053C6FC /* Debug */ = {
			isa = XCBuildConfiguration;
			buildSettings = {
				ALWAYS_SEARCH_USER_PATHS = NO;
				CLANG_ANALYZER_NONNULL = YES;
				CLANG_ANALYZER_NUMBER_OBJECT_CONVERSION = YES_AGGRESSIVE;
				CLANG_CXX_LANGUAGE_STANDARD = "gnu++14";
				CLANG_CXX_LIBRARY = "libc++";
				CLANG_ENABLE_MODULES = YES;
				CLANG_ENABLE_OBJC_ARC = YES;
				CLANG_ENABLE_OBJC_WEAK = YES;
				CLANG_WARN_BLOCK_CAPTURE_AUTORELEASING = YES;
				CLANG_WARN_BOOL_CONVERSION = YES;
				CLANG_WARN_COMMA = YES;
				CLANG_WARN_CONSTANT_CONVERSION = YES;
				CLANG_WARN_DEPRECATED_OBJC_IMPLEMENTATIONS = YES;
				CLANG_WARN_DIRECT_OBJC_ISA_USAGE = YES_ERROR;
				CLANG_WARN_DOCUMENTATION_COMMENTS = YES;
				CLANG_WARN_EMPTY_BODY = YES;
				CLANG_WARN_ENUM_CONVERSION = YES;
				CLANG_WARN_INFINITE_RECURSION = YES;
				CLANG_WARN_INT_CONVERSION = YES;
				CLANG_WARN_NON_LITERAL_NULL_CONVERSION = YES;
				CLANG_WARN_OBJC_IMPLICIT_RETAIN_SELF = YES;
				CLANG_WARN_OBJC_LITERAL_CONVERSION = YES;
				CLANG_WARN_OBJC_ROOT_CLASS = YES_ERROR;
				CLANG_WARN_RANGE_LOOP_ANALYSIS = YES;
				CLANG_WARN_STRICT_PROTOTYPES = YES;
				CLANG_WARN_SUSPICIOUS_MOVE = YES;
				CLANG_WARN_UNGUARDED_AVAILABILITY = YES_AGGRESSIVE;
				CLANG_WARN_UNREACHABLE_CODE = YES;
				CLANG_WARN__DUPLICATE_METHOD_MATCH = YES;
				CODE_SIGN_IDENTITY = "iPhone Developer";
				COPY_PHASE_STRIP = NO;
				DEBUG_INFORMATION_FORMAT = dwarf;
				ENABLE_STRICT_OBJC_MSGSEND = YES;
				ENABLE_TESTABILITY = YES;
				GCC_C_LANGUAGE_STANDARD = gnu11;
				GCC_DYNAMIC_NO_PIC = NO;
				GCC_NO_COMMON_BLOCKS = YES;
				GCC_OPTIMIZATION_LEVEL = 0;
				GCC_PREPROCESSOR_DEFINITIONS = (
					"DEBUG=1",
					"$(inherited)",
				);
				GCC_WARN_64_TO_32_BIT_CONVERSION = YES;
				GCC_WARN_ABOUT_RETURN_TYPE = YES_ERROR;
				GCC_WARN_UNDECLARED_SELECTOR = YES;
				GCC_WARN_UNINITIALIZED_AUTOS = YES_AGGRESSIVE;
				GCC_WARN_UNUSED_FUNCTION = YES;
				GCC_WARN_UNUSED_VARIABLE = YES;
				IPHONEOS_DEPLOYMENT_TARGET = 11.3;
				MTL_ENABLE_DEBUG_INFO = YES;
				ONLY_ACTIVE_ARCH = YES;
				SDKROOT = iphoneos;
				SWIFT_ACTIVE_COMPILATION_CONDITIONS = DEBUG;
				SWIFT_OPTIMIZATION_LEVEL = "-Onone";
			};
			name = Debug;
		};
		BB04252521959BBF0053C6FC /* Release */ = {
			isa = XCBuildConfiguration;
			buildSettings = {
				ALWAYS_SEARCH_USER_PATHS = NO;
				CLANG_ANALYZER_NONNULL = YES;
				CLANG_ANALYZER_NUMBER_OBJECT_CONVERSION = YES_AGGRESSIVE;
				CLANG_CXX_LANGUAGE_STANDARD = "gnu++14";
				CLANG_CXX_LIBRARY = "libc++";
				CLANG_ENABLE_MODULES = YES;
				CLANG_ENABLE_OBJC_ARC = YES;
				CLANG_ENABLE_OBJC_WEAK = YES;
				CLANG_WARN_BLOCK_CAPTURE_AUTORELEASING = YES;
				CLANG_WARN_BOOL_CONVERSION = YES;
				CLANG_WARN_COMMA = YES;
				CLANG_WARN_CONSTANT_CONVERSION = YES;
				CLANG_WARN_DEPRECATED_OBJC_IMPLEMENTATIONS = YES;
				CLANG_WARN_DIRECT_OBJC_ISA_USAGE = YES_ERROR;
				CLANG_WARN_DOCUMENTATION_COMMENTS = YES;
				CLANG_WARN_EMPTY_BODY = YES;
				CLANG_WARN_ENUM_CONVERSION = YES;
				CLANG_WARN_INFINITE_RECURSION = YES;
				CLANG_WARN_INT_CONVERSION = YES;
				CLANG_WARN_NON_LITERAL_NULL_CONVERSION = YES;
				CLANG_WARN_OBJC_IMPLICIT_RETAIN_SELF = YES;
				CLANG_WARN_OBJC_LITERAL_CONVERSION = YES;
				CLANG_WARN_OBJC_ROOT_CLASS = YES_ERROR;
				CLANG_WARN_RANGE_LOOP_ANALYSIS = YES;
				CLANG_WARN_STRICT_PROTOTYPES = YES;
				CLANG_WARN_SUSPICIOUS_MOVE = YES;
				CLANG_WARN_UNGUARDED_AVAILABILITY = YES_AGGRESSIVE;
				CLANG_WARN_UNREACHABLE_CODE = YES;
				CLANG_WARN__DUPLICATE_METHOD_MATCH = YES;
				CODE_SIGN_IDENTITY = "iPhone Developer";
				COPY_PHASE_STRIP = NO;
				DEBUG_INFORMATION_FORMAT = "dwarf-with-dsym";
				ENABLE_NS_ASSERTIONS = NO;
				ENABLE_STRICT_OBJC_MSGSEND = YES;
				GCC_C_LANGUAGE_STANDARD = gnu11;
				GCC_NO_COMMON_BLOCKS = YES;
				GCC_WARN_64_TO_32_BIT_CONVERSION = YES;
				GCC_WARN_ABOUT_RETURN_TYPE = YES_ERROR;
				GCC_WARN_UNDECLARED_SELECTOR = YES;
				GCC_WARN_UNINITIALIZED_AUTOS = YES_AGGRESSIVE;
				GCC_WARN_UNUSED_FUNCTION = YES;
				GCC_WARN_UNUSED_VARIABLE = YES;
				IPHONEOS_DEPLOYMENT_TARGET = 11.3;
				MTL_ENABLE_DEBUG_INFO = NO;
				SDKROOT = iphoneos;
				SWIFT_COMPILATION_MODE = wholemodule;
				SWIFT_OPTIMIZATION_LEVEL = "-O";
				VALIDATE_PRODUCT = YES;
			};
			name = Release;
		};
		BB04252721959BBF0053C6FC /* Debug */ = {
			isa = XCBuildConfiguration;
			buildSettings = {
				ASSETCATALOG_COMPILER_APPICON_NAME = AppIcon;
				CODE_SIGN_STYLE = Automatic;
				DEVELOPMENT_TEAM = YPZ5CXF9X7;
				INFOPLIST_FILE = WeatherTestTask/Info.plist;
				LD_RUNPATH_SEARCH_PATHS = (
					"$(inherited)",
					"@executable_path/Frameworks",
				);
				PRODUCT_BUNDLE_IDENTIFIER = "my-own.WeatherTestTask";
				PRODUCT_NAME = "$(TARGET_NAME)";
				SWIFT_VERSION = 4.0;
				TARGETED_DEVICE_FAMILY = "1,2";
			};
			name = Debug;
		};
		BB04252821959BBF0053C6FC /* Release */ = {
			isa = XCBuildConfiguration;
			buildSettings = {
				ASSETCATALOG_COMPILER_APPICON_NAME = AppIcon;
				CODE_SIGN_STYLE = Automatic;
				DEVELOPMENT_TEAM = YPZ5CXF9X7;
				INFOPLIST_FILE = WeatherTestTask/Info.plist;
				LD_RUNPATH_SEARCH_PATHS = (
					"$(inherited)",
					"@executable_path/Frameworks",
				);
				PRODUCT_BUNDLE_IDENTIFIER = "my-own.WeatherTestTask";
				PRODUCT_NAME = "$(TARGET_NAME)";
				SWIFT_VERSION = 4.0;
				TARGETED_DEVICE_FAMILY = "1,2";
			};
			name = Release;
		};
/* End XCBuildConfiguration section */

/* Begin XCConfigurationList section */
		BB04250F21959BBD0053C6FC /* Build configuration list for PBXProject "WeatherTestTask" */ = {
			isa = XCConfigurationList;
			buildConfigurations = (
				BB04252421959BBF0053C6FC /* Debug */,
				BB04252521959BBF0053C6FC /* Release */,
			);
			defaultConfigurationIsVisible = 0;
			defaultConfigurationName = Release;
		};
		BB04252621959BBF0053C6FC /* Build configuration list for PBXNativeTarget "WeatherTestTask" */ = {
			isa = XCConfigurationList;
			buildConfigurations = (
				BB04252721959BBF0053C6FC /* Debug */,
				BB04252821959BBF0053C6FC /* Release */,
			);
			defaultConfigurationIsVisible = 0;
			defaultConfigurationName = Release;
		};
/* End XCConfigurationList section */
	};
	rootObject = BB04250C21959BBD0053C6FC /* Project object */;
}
